
Microsoft Visual Studio Solution File, Format Version 12.00
# Visual Studio Version 17
VisualStudioVersion = 17.3.32811.315
MinimumVisualStudioVersion = 10.0.40219.1
Project("{9A19103F-16F7-4668-BE54-9A1E7A4F7556}") = "Clinic", "Clinic\Clinic.csproj", "{319F5C4D-1F2E-4A2C-B436-17ED6BE4075B}"
EndProject
Project("{FAE04EC0-301F-11D3-BF4B-00C04F79EFBC}") = "Clinic.DAL", "Clinic.DAL\Clinic.DAL.csproj", "{683AE506-7253-4FC6-993B-8F1222043DC1}"
EndProject
Project("{FAE04EC0-301F-11D3-BF4B-00C04F79EFBC}") = "Clinic.BL", "Clinic.BL\Clinic.BL.csproj", "{0754B9D0-47D9-4A2A-AF3E-CB657DC612E1}"
EndProject
Global
	GlobalSection(SolutionConfigurationPlatforms) = preSolution
		Debug|Any CPU = Debug|Any CPU
		Release|Any CPU = Release|Any CPU
	EndGlobalSection
	GlobalSection(ProjectConfigurationPlatforms) = postSolution
		{319F5C4D-1F2E-4A2C-B436-17ED6BE4075B}.Debug|Any CPU.ActiveCfg = Debug|Any CPU
		{319F5C4D-1F2E-4A2C-B436-17ED6BE4075B}.Debug|Any CPU.Build.0 = Debug|Any CPU
		{319F5C4D-1F2E-4A2C-B436-17ED6BE4075B}.Release|Any CPU.ActiveCfg = Release|Any CPU
		{319F5C4D-1F2E-4A2C-B436-17ED6BE4075B}.Release|Any CPU.Build.0 = Release|Any CPU
		{683AE506-7253-4FC6-993B-8F1222043DC1}.Debug|Any CPU.ActiveCfg = Debug|Any CPU
		{683AE506-7253-4FC6-993B-8F1222043DC1}.Debug|Any CPU.Build.0 = Debug|Any CPU
		{683AE506-7253-4FC6-993B-8F1222043DC1}.Release|Any CPU.ActiveCfg = Release|Any CPU
		{683AE506-7253-4FC6-993B-8F1222043DC1}.Release|Any CPU.Build.0 = Release|Any CPU
		{0754B9D0-47D9-4A2A-AF3E-CB657DC612E1}.Debug|Any CPU.ActiveCfg = Debug|Any CPU
		{0754B9D0-47D9-4A2A-AF3E-CB657DC612E1}.Debug|Any CPU.Build.0 = Debug|Any CPU
		{0754B9D0-47D9-4A2A-AF3E-CB657DC612E1}.Release|Any CPU.ActiveCfg = Release|Any CPU
		{0754B9D0-47D9-4A2A-AF3E-CB657DC612E1}.Release|Any CPU.Build.0 = Release|Any CPU
	EndGlobalSection
	GlobalSection(SolutionProperties) = preSolution
		HideSolutionNode = FALSE
	EndGlobalSection
	GlobalSection(ExtensibilityGlobals) = postSolution
		SolutionGuid = {F7E5CDB8-0E23-40B6-A560-ECDB9F9A578C}
	EndGlobalSection
EndGlobal
